
Microsoft Visual Studio Solution File, Format Version 12.00
# Visual Studio Version 16
VisualStudioVersion = 16.0.29509.3
MinimumVisualStudioVersion = 10.0.40219.1
Project("{FAE04EC0-301F-11D3-BF4B-00C04F79EFBC}") = "ErpMaterialMVC.Web", "ErpMaterialMVC.Web\ErpMaterialMVC.Web.csproj", "{59D0A2FD-008E-4D70-B2B2-35B1385248A4}"
EndProject
Project("{FAE04EC0-301F-11D3-BF4B-00C04F79EFBC}") = "ErpMaterialMVC.Service", "ErpMaterialMVC.Service\ErpMaterialMVC.Service.csproj", "{66442D94-170A-4B96-A170-2FA5A10F97C2}"
EndProject
Project("{FAE04EC0-301F-11D3-BF4B-00C04F79EFBC}") = "ErpMaterialMVC.Repository", "ErpMaterialMVC.Repository\ErpMaterialMVC.Repository.csproj", "{F583F5EF-83BA-4AE3-9717-EB42AB99EC61}"
EndProject
Project("{FAE04EC0-301F-11D3-BF4B-00C04F79EFBC}") = "ErpMaterialMVC.Models", "ErpMaterialMVC.Models\ErpMaterialMVC.Models.csproj", "{8E4EBEEE-CDB4-4D8F-807E-929027DE65A4}"
EndProject
Project("{FAE04EC0-301F-11D3-BF4B-00C04F79EFBC}") = "ErpMaterialMVC.Common", "ErpMaterialMVC.Common\ErpMaterialMVC.Common.csproj", "{71277E0B-3BE1-4026-A491-C293DAC9A7E3}"
EndProject
Global
	GlobalSection(SolutionConfigurationPlatforms) = preSolution
		Debug|Any CPU = Debug|Any CPU
		Release|Any CPU = Release|Any CPU
	EndGlobalSection
	GlobalSection(ProjectConfigurationPlatforms) = postSolution
		{59D0A2FD-008E-4D70-B2B2-35B1385248A4}.Debug|Any CPU.ActiveCfg = Debug|Any CPU
		{59D0A2FD-008E-4D70-B2B2-35B1385248A4}.Debug|Any CPU.Build.0 = Debug|Any CPU
		{59D0A2FD-008E-4D70-B2B2-35B1385248A4}.Release|Any CPU.ActiveCfg = Release|Any CPU
		{59D0A2FD-008E-4D70-B2B2-35B1385248A4}.Release|Any CPU.Build.0 = Release|Any CPU
		{66442D94-170A-4B96-A170-2FA5A10F97C2}.Debug|Any CPU.ActiveCfg = Debug|Any CPU
		{66442D94-170A-4B96-A170-2FA5A10F97C2}.Debug|Any CPU.Build.0 = Debug|Any CPU
		{66442D94-170A-4B96-A170-2FA5A10F97C2}.Release|Any CPU.ActiveCfg = Release|Any CPU
		{66442D94-170A-4B96-A170-2FA5A10F97C2}.Release|Any CPU.Build.0 = Release|Any CPU
		{F583F5EF-83BA-4AE3-9717-EB42AB99EC61}.Debug|Any CPU.ActiveCfg = Debug|Any CPU
		{F583F5EF-83BA-4AE3-9717-EB42AB99EC61}.Debug|Any CPU.Build.0 = Debug|Any CPU
		{F583F5EF-83BA-4AE3-9717-EB42AB99EC61}.Release|Any CPU.ActiveCfg = Release|Any CPU
		{F583F5EF-83BA-4AE3-9717-EB42AB99EC61}.Release|Any CPU.Build.0 = Release|Any CPU
		{8E4EBEEE-CDB4-4D8F-807E-929027DE65A4}.Debug|Any CPU.ActiveCfg = Debug|Any CPU
		{8E4EBEEE-CDB4-4D8F-807E-929027DE65A4}.Debug|Any CPU.Build.0 = Debug|Any CPU
		{8E4EBEEE-CDB4-4D8F-807E-929027DE65A4}.Release|Any CPU.ActiveCfg = Release|Any CPU
		{8E4EBEEE-CDB4-4D8F-807E-929027DE65A4}.Release|Any CPU.Build.0 = Release|Any CPU
		{71277E0B-3BE1-4026-A491-C293DAC9A7E3}.Debug|Any CPU.ActiveCfg = Debug|Any CPU
		{71277E0B-3BE1-4026-A491-C293DAC9A7E3}.Debug|Any CPU.Build.0 = Debug|Any CPU
		{71277E0B-3BE1-4026-A491-C293DAC9A7E3}.Release|Any CPU.ActiveCfg = Release|Any CPU
		{71277E0B-3BE1-4026-A491-C293DAC9A7E3}.Release|Any CPU.Build.0 = Release|Any CPU
	EndGlobalSection
	GlobalSection(SolutionProperties) = preSolution
		HideSolutionNode = FALSE
	EndGlobalSection
	GlobalSection(ExtensibilityGlobals) = postSolution
		SolutionGuid = {94DD7919-6D85-4630-99AD-D0FFFB9B0B62}
	EndGlobalSection
EndGlobal
